
Microsoft Visual Studio Solution File, Format Version 12.00
# Visual Studio Version 17
VisualStudioVersion = 17.6.33723.286
MinimumVisualStudioVersion = 10.0.40219.1
Project("{FAE04EC0-301F-11D3-BF4B-00C04F79EFBC}") = "LendingLibrary", "LendingLibrary\LendingLibrary.csproj", "{F61076F4-CD8F-4E77-B84D-850E2A825CF8}"
EndProject
Project("{FAE04EC0-301F-11D3-BF4B-00C04F79EFBC}") = "TestLibrary", "TestLibrary\TestLibrary.csproj", "{5374CB51-0471-4D11-9E7E-394ED27684D2}"
EndProject
Global
	GlobalSection(SolutionConfigurationPlatforms) = preSolution
		Debug|Any CPU = Debug|Any CPU
		Release|Any CPU = Release|Any CPU
	EndGlobalSection
	GlobalSection(ProjectConfigurationPlatforms) = postSolution
		{F61076F4-CD8F-4E77-B84D-850E2A825CF8}.Debug|Any CPU.ActiveCfg = Debug|Any CPU
		{F61076F4-CD8F-4E77-B84D-850E2A825CF8}.Debug|Any CPU.Build.0 = Debug|Any CPU
		{F61076F4-CD8F-4E77-B84D-850E2A825CF8}.Release|Any CPU.ActiveCfg = Release|Any CPU
		{F61076F4-CD8F-4E77-B84D-850E2A825CF8}.Release|Any CPU.Build.0 = Release|Any CPU
		{5374CB51-0471-4D11-9E7E-394ED27684D2}.Debug|Any CPU.ActiveCfg = Debug|Any CPU
		{5374CB51-0471-4D11-9E7E-394ED27684D2}.Debug|Any CPU.Build.0 = Debug|Any CPU
		{5374CB51-0471-4D11-9E7E-394ED27684D2}.Release|Any CPU.ActiveCfg = Release|Any CPU
		{5374CB51-0471-4D11-9E7E-394ED27684D2}.Release|Any CPU.Build.0 = Release|Any CPU
	EndGlobalSection
	GlobalSection(SolutionProperties) = preSolution
		HideSolutionNode = FALSE
	EndGlobalSection
	GlobalSection(ExtensibilityGlobals) = postSolution
		SolutionGuid = {E541E1C7-8044-4DD0-9AC4-1DBA77C157F7}
	EndGlobalSection
EndGlobal
